
Microsoft Visual Studio Solution File, Format Version 11.00
# Visual Studio 2010
Project("{FAE04EC0-301F-11D3-BF4B-00C04F79EFBC}") = "Assembly-CSharp", "Assembly-CSharp.csproj", "{FDE8D34D-1621-86B1-7153-B2A025EF9A94}"
EndProject
Project("{FAE04EC0-301F-11D3-BF4B-00C04F79EFBC}") = "Assembly-CSharp-firstpass", "Assembly-CSharp-firstpass.csproj", "{EFC5F0BF-BED5-3061-ECB3-73A74E1715E1}"
EndProject
Project("{FAE04EC0-301F-11D3-BF4B-00C04F79EFBC}") = "Assembly-CSharp-Editor", "Assembly-CSharp-Editor.csproj", "{614316CF-3054-83D6-AE7B-BC7AFB4C1FE1}"
EndProject
Project("{FAE04EC0-301F-11D3-BF4B-00C04F79EFBC}") = "Assembly-CSharp-Editor-firstpass", "Assembly-CSharp-Editor-firstpass.csproj", "{B2470FD1-532F-CC4F-02B4-47A6683C8ACD}"
EndProject
Global
	GlobalSection(SolutionConfigurationPlatforms) = preSolution
		Debug|Any CPU = Debug|Any CPU
		Release|Any CPU = Release|Any CPU
	EndGlobalSection
	GlobalSection(ProjectConfigurationPlatforms) = postSolution
		{FDE8D34D-1621-86B1-7153-B2A025EF9A94}.Debug|Any CPU.ActiveCfg = Debug|Any CPU
		{FDE8D34D-1621-86B1-7153-B2A025EF9A94}.Debug|Any CPU.Build.0 = Debug|Any CPU
		{FDE8D34D-1621-86B1-7153-B2A025EF9A94}.Release|Any CPU.ActiveCfg = Release|Any CPU
		{FDE8D34D-1621-86B1-7153-B2A025EF9A94}.Release|Any CPU.Build.0 = Release|Any CPU
		{EFC5F0BF-BED5-3061-ECB3-73A74E1715E1}.Debug|Any CPU.ActiveCfg = Debug|Any CPU
		{EFC5F0BF-BED5-3061-ECB3-73A74E1715E1}.Debug|Any CPU.Build.0 = Debug|Any CPU
		{EFC5F0BF-BED5-3061-ECB3-73A74E1715E1}.Release|Any CPU.ActiveCfg = Release|Any CPU
		{EFC5F0BF-BED5-3061-ECB3-73A74E1715E1}.Release|Any CPU.Build.0 = Release|Any CPU
		{614316CF-3054-83D6-AE7B-BC7AFB4C1FE1}.Debug|Any CPU.ActiveCfg = Debug|Any CPU
		{614316CF-3054-83D6-AE7B-BC7AFB4C1FE1}.Debug|Any CPU.Build.0 = Debug|Any CPU
		{614316CF-3054-83D6-AE7B-BC7AFB4C1FE1}.Release|Any CPU.ActiveCfg = Release|Any CPU
		{614316CF-3054-83D6-AE7B-BC7AFB4C1FE1}.Release|Any CPU.Build.0 = Release|Any CPU
		{B2470FD1-532F-CC4F-02B4-47A6683C8ACD}.Debug|Any CPU.ActiveCfg = Debug|Any CPU
		{B2470FD1-532F-CC4F-02B4-47A6683C8ACD}.Debug|Any CPU.Build.0 = Debug|Any CPU
		{B2470FD1-532F-CC4F-02B4-47A6683C8ACD}.Release|Any CPU.ActiveCfg = Release|Any CPU
		{B2470FD1-532F-CC4F-02B4-47A6683C8ACD}.Release|Any CPU.Build.0 = Release|Any CPU
	EndGlobalSection
	GlobalSection(SolutionProperties) = preSolution
		HideSolutionNode = FALSE
	EndGlobalSection
	GlobalSection(MonoDevelopProperties) = preSolution
		StartupItem = Assembly-CSharp.csproj
	EndGlobalSection
EndGlobal
